
Microsoft Visual Studio Solution File, Format Version 12.00
# Visual Studio Version 17
VisualStudioVersion = 17.8.34322.80
MinimumVisualStudioVersion = 10.0.40219.1
Project("{FAE04EC0-301F-11D3-BF4B-00C04F79EFBC}") = "First Balzor app", "First Balzor app.csproj", "{D1C5FC06-76A2-41F1-A4ED-C298B5DF44CD}"
EndProject
Global
	GlobalSection(SolutionConfigurationPlatforms) = preSolution
		Debug|Any CPU = Debug|Any CPU
		Release|Any CPU = Release|Any CPU
	EndGlobalSection
	GlobalSection(ProjectConfigurationPlatforms) = postSolution
		{D1C5FC06-76A2-41F1-A4ED-C298B5DF44CD}.Debug|Any CPU.ActiveCfg = Debug|Any CPU
		{D1C5FC06-76A2-41F1-A4ED-C298B5DF44CD}.Debug|Any CPU.Build.0 = Debug|Any CPU
		{D1C5FC06-76A2-41F1-A4ED-C298B5DF44CD}.Release|Any CPU.ActiveCfg = Release|Any CPU
		{D1C5FC06-76A2-41F1-A4ED-C298B5DF44CD}.Release|Any CPU.Build.0 = Release|Any CPU
	EndGlobalSection
	GlobalSection(SolutionProperties) = preSolution
		HideSolutionNode = FALSE
	EndGlobalSection
	GlobalSection(ExtensibilityGlobals) = postSolution
		SolutionGuid = {44DD4969-6E7D-4B51-BD09-5315BF453224}
	EndGlobalSection
EndGlobal
